// !$*UTF8*$!
{
	archiveVersion = 1;
	classes = {
	};
	objectVersion = 46;
	objects = {

/* Begin PBXBuildFile section */
		9524A20F1AB97BAE00DC8FDA /* DNUnAuthorizedTipsView.m in Sources */ = {isa = PBXBuildFile; fileRef = 9524A20E1AB97BAE00DC8FDA /* DNUnAuthorizedTipsView.m */; };
		954E05A51C3F800200CCD875 /* DNTapDetectingImageView.m in Sources */ = {isa = PBXBuildFile; fileRef = 954E05A41C3F800200CCD875 /* DNTapDetectingImageView.m */; };
		954E584E1AA96ABE00E481C4 /* DNAsset.m in Sources */ = {isa = PBXBuildFile; fileRef = 954E584D1AA96ABE00E481C4 /* DNAsset.m */; };
		955F11771AA9D72300C9AC42 /* NSURL+DNIMagePickerUrlEqual.m in Sources */ = {isa = PBXBuildFile; fileRef = 955F11761AA9D72300C9AC42 /* NSURL+DNIMagePickerUrlEqual.m */; };
		955F117E1AA9DAF600C9AC42 /* InfoViewController.m in Sources */ = {isa = PBXBuildFile; fileRef = 955F117D1AA9DAF600C9AC42 /* InfoViewController.m */; };
		955F11811AA9FB6A00C9AC42 /* CollectionViewController.m in Sources */ = {isa = PBXBuildFile; fileRef = 955F11801AA9FB6A00C9AC42 /* CollectionViewController.m */; };
		955F11841AA9FB8C00C9AC42 /* CollectionViewCell.m in Sources */ = {isa = PBXBuildFile; fileRef = 955F11831AA9FB8C00C9AC42 /* CollectionViewCell.m */; };
		955F11871AAA041900C9AC42 /* Localizable.strings in Resources */ = {isa = PBXBuildFile; fileRef = 955F11891AAA041900C9AC42 /* Localizable.strings */; };
		956DB7EC1AAB65FC00F9F271 /* Main.storyboard in Resources */ = {isa = PBXBuildFile; fileRef = 956DB7EA1AAB65FC00F9F271 /* Main.storyboard */; };
		9571F2D51AA74B6B006ACEBD /* DNImagePickerController.m in Sources */ = {isa = PBXBuildFile; fileRef = 9571F2CE1AA74B6B006ACEBD /* DNImagePickerController.m */; };
		9571F2D61AA74B6B006ACEBD /* DNAlbumTableViewController.m in Sources */ = {isa = PBXBuildFile; fileRef = 9571F2D01AA74B6B006ACEBD /* DNAlbumTableViewController.m */; };
		9571F2D71AA74B6B006ACEBD /* DNImageFlowViewController.m in Sources */ = {isa = PBXBuildFile; fileRef = 9571F2D21AA74B6B006ACEBD /* DNImageFlowViewController.m */; };
		9571F2D81AA74B6B006ACEBD /* DNPhotoBrowser.m in Sources */ = {isa = PBXBuildFile; fileRef = 9571F2D41AA74B6B006ACEBD /* DNPhotoBrowser.m */; };
		9571F2E81AA74B9A006ACEBD /* DNBrowserCell.m in Sources */ = {isa = PBXBuildFile; fileRef = 9571F2DD1AA74B9A006ACEBD /* DNBrowserCell.m */; };
		9571F2E91AA74B9A006ACEBD /* DNAssetsViewCell.m in Sources */ = {isa = PBXBuildFile; fileRef = 9571F2DF1AA74B9A006ACEBD /* DNAssetsViewCell.m */; };
		9571F2EB1AA74B9A006ACEBD /* DNSendButton.m in Sources */ = {isa = PBXBuildFile; fileRef = 9571F2E21AA74B9A006ACEBD /* DNSendButton.m */; };
		9571F2EC1AA74B9A006ACEBD /* DNFullImageButton.m in Sources */ = {isa = PBXBuildFile; fileRef = 9571F2E41AA74B9A006ACEBD /* DNFullImageButton.m */; };
		9571F2ED1AA74B9A006ACEBD /* DNBadgeLabel.m in Sources */ = {isa = PBXBuildFile; fileRef = 9571F2E61AA74B9A006ACEBD /* DNBadgeLabel.m */; };
		9571F2F01AA74BF8006ACEBD /* imageResources.xcassets in Resources */ = {isa = PBXBuildFile; fileRef = 9571F2EF1AA74BF8006ACEBD /* imageResources.xcassets */; };
		9571F3011AA74E2F006ACEBD /* DNImagePicker.strings in Resources */ = {isa = PBXBuildFile; fileRef = 9571F3031AA74E2F006ACEBD /* DNImagePicker.strings */; };
		9571F3121AA7510B006ACEBD /* UIViewController+DNImagePicker.m in Sources */ = {isa = PBXBuildFile; fileRef = 9571F30D1AA7510B006ACEBD /* UIViewController+DNImagePicker.m */; };
		9571F3131AA7510B006ACEBD /* UIColor+Hex.m in Sources */ = {isa = PBXBuildFile; fileRef = 9571F30F1AA7510B006ACEBD /* UIColor+Hex.m */; };
		9571F3141AA7510B006ACEBD /* UIView+DNImagePicker.m in Sources */ = {isa = PBXBuildFile; fileRef = 9571F3111AA7510B006ACEBD /* UIView+DNImagePicker.m */; };
		9571F31C1AA751D7006ACEBD /* AssetsLibrary.framework in Frameworks */ = {isa = PBXBuildFile; fileRef = 9571F31B1AA751D7006ACEBD /* AssetsLibrary.framework */; };
		9571F31F1AA75260006ACEBD /* JKPromptView.m in Sources */ = {isa = PBXBuildFile; fileRef = 9571F31E1AA75260006ACEBD /* JKPromptView.m */; };
		959A69DB1AA5F3A000ED8A3A /* main.m in Sources */ = {isa = PBXBuildFile; fileRef = 959A69DA1AA5F3A000ED8A3A /* main.m */; };
		959A69DE1AA5F3A000ED8A3A /* AppDelegate.m in Sources */ = {isa = PBXBuildFile; fileRef = 959A69DD1AA5F3A000ED8A3A /* AppDelegate.m */; };
		959A69E11AA5F3A000ED8A3A /* ViewController.m in Sources */ = {isa = PBXBuildFile; fileRef = 959A69E01AA5F3A000ED8A3A /* ViewController.m */; };
		959A69E61AA5F3A000ED8A3A /* Images.xcassets in Resources */ = {isa = PBXBuildFile; fileRef = 959A69E51AA5F3A000ED8A3A /* Images.xcassets */; };
		959A69E91AA5F3A000ED8A3A /* LaunchScreen.xib in Resources */ = {isa = PBXBuildFile; fileRef = 959A69E71AA5F3A000ED8A3A /* LaunchScreen.xib */; };
		959A69F51AA5F3A000ED8A3A /* ImagePickerTests.m in Sources */ = {isa = PBXBuildFile; fileRef = 959A69F41AA5F3A000ED8A3A /* ImagePickerTests.m */; };
/* End PBXBuildFile section */

/* Begin PBXContainerItemProxy section */
		959A69EF1AA5F3A000ED8A3A /* PBXContainerItemProxy */ = {
			isa = PBXContainerItemProxy;
			containerPortal = 959A69CD1AA5F3A000ED8A3A /* Project object */;
			proxyType = 1;
			remoteGlobalIDString = 959A69D41AA5F3A000ED8A3A;
			remoteInfo = ImagePicker;
		};
/* End PBXContainerItemProxy section */

/* Begin PBXFileReference section */
		9524A20D1AB97BAE00DC8FDA /* DNUnAuthorizedTipsView.h */ = {isa = PBXFileReference; fileEncoding = 4; lastKnownFileType = sourcecode.c.h; path = DNUnAuthorizedTipsView.h; sourceTree = "<group>"; };
		9524A20E1AB97BAE00DC8FDA /* DNUnAuthorizedTipsView.m */ = {isa = PBXFileReference; fileEncoding = 4; lastKnownFileType = sourcecode.c.objc; path = DNUnAuthorizedTipsView.m; sourceTree = "<group>"; };
		954E05A31C3F800200CCD875 /* DNTapDetectingImageView.h */ = {isa = PBXFileReference; fileEncoding = 4; lastKnownFileType = sourcecode.c.h; path = DNTapDetectingImageView.h; sourceTree = "<group>"; };
		954E05A41C3F800200CCD875 /* DNTapDetectingImageView.m */ = {isa = PBXFileReference; fileEncoding = 4; lastKnownFileType = sourcecode.c.objc; path = DNTapDetectingImageView.m; sourceTree = "<group>"; };
		954E584C1AA96ABE00E481C4 /* DNAsset.h */ = {isa = PBXFileReference; fileEncoding = 4; lastKnownFileType = sourcecode.c.h; path = DNAsset.h; sourceTree = "<group>"; };
		954E584D1AA96ABE00E481C4 /* DNAsset.m */ = {isa = PBXFileReference; fileEncoding = 4; lastKnownFileType = sourcecode.c.objc; path = DNAsset.m; sourceTree = "<group>"; };
		955B2C571AAC414B0043B4DE /* en */ = {isa = PBXFileReference; lastKnownFileType = file.storyboard; name = en; path = ImagePicker/en.lproj/Main.storyboard; sourceTree = "<group>"; };
		955B2C581AAC414E0043B4DE /* Base */ = {isa = PBXFileReference; lastKnownFileType = file.storyboard; name = Base; path = ImagePicker/Base.lproj/Main.storyboard; sourceTree = "<group>"; };
		955F11751AA9D72300C9AC42 /* NSURL+DNIMagePickerUrlEqual.h */ = {isa = PBXFileReference; fileEncoding = 4; lastKnownFileType = sourcecode.c.h; path = "NSURL+DNIMagePickerUrlEqual.h"; sourceTree = "<group>"; };
		955F11761AA9D72300C9AC42 /* NSURL+DNIMagePickerUrlEqual.m */ = {isa = PBXFileReference; fileEncoding = 4; lastKnownFileType = sourcecode.c.objc; path = "NSURL+DNIMagePickerUrlEqual.m"; sourceTree = "<group>"; };
		955F117C1AA9DAF600C9AC42 /* InfoViewController.h */ = {isa = PBXFileReference; fileEncoding = 4; lastKnownFileType = sourcecode.c.h; path = InfoViewController.h; sourceTree = "<group>"; };
		955F117D1AA9DAF600C9AC42 /* InfoViewController.m */ = {isa = PBXFileReference; fileEncoding = 4; lastKnownFileType = sourcecode.c.objc; path = InfoViewController.m; sourceTree = "<group>"; };
		955F117F1AA9FB6A00C9AC42 /* CollectionViewController.h */ = {isa = PBXFileReference; fileEncoding = 4; lastKnownFileType = sourcecode.c.h; path = CollectionViewController.h; sourceTree = "<group>"; };
		955F11801AA9FB6A00C9AC42 /* CollectionViewController.m */ = {isa = PBXFileReference; fileEncoding = 4; lastKnownFileType = sourcecode.c.objc; path = CollectionViewController.m; sourceTree = "<group>"; };
		955F11821AA9FB8C00C9AC42 /* CollectionViewCell.h */ = {isa = PBXFileReference; fileEncoding = 4; lastKnownFileType = sourcecode.c.h; path = CollectionViewCell.h; sourceTree = "<group>"; };
		955F11831AA9FB8C00C9AC42 /* CollectionViewCell.m */ = {isa = PBXFileReference; fileEncoding = 4; lastKnownFileType = sourcecode.c.objc; path = CollectionViewCell.m; sourceTree = "<group>"; };
		955F11881AAA041900C9AC42 /* zh-Hans */ = {isa = PBXFileReference; lastKnownFileType = text.plist.strings; name = "zh-Hans"; path = "zh-Hans.lproj/Localizable.strings"; sourceTree = "<group>"; };
		955F118A1AAA041D00C9AC42 /* en */ = {isa = PBXFileReference; lastKnownFileType = text.plist.strings; name = en; path = en.lproj/Localizable.strings; sourceTree = "<group>"; };
		956DB7EB1AAB65FC00F9F271 /* zh-Hans */ = {isa = PBXFileReference; lastKnownFileType = file.storyboard; name = "zh-Hans"; path = "ImagePicker/zh-Hans.lproj/Main.storyboard"; sourceTree = "<group>"; };
		9571F2CD1AA74B6B006ACEBD /* DNImagePickerController.h */ = {isa = PBXFileReference; fileEncoding = 4; lastKnownFileType = sourcecode.c.h; path = DNImagePickerController.h; sourceTree = "<group>"; };
		9571F2CE1AA74B6B006ACEBD /* DNImagePickerController.m */ = {isa = PBXFileReference; fileEncoding = 4; lastKnownFileType = sourcecode.c.objc; path = DNImagePickerController.m; sourceTree = "<group>"; };
		9571F2CF1AA74B6B006ACEBD /* DNAlbumTableViewController.h */ = {isa = PBXFileReference; fileEncoding = 4; lastKnownFileType = sourcecode.c.h; path = DNAlbumTableViewController.h; sourceTree = "<group>"; };
		9571F2D01AA74B6B006ACEBD /* DNAlbumTableViewController.m */ = {isa = PBXFileReference; fileEncoding = 4; lastKnownFileType = sourcecode.c.objc; path = DNAlbumTableViewController.m; sourceTree = "<group>"; };
		9571F2D11AA74B6B006ACEBD /* DNImageFlowViewController.h */ = {isa = PBXFileReference; fileEncoding = 4; lastKnownFileType = sourcecode.c.h; path = DNImageFlowViewController.h; sourceTree = "<group>"; };
		9571F2D21AA74B6B006ACEBD /* DNImageFlowViewController.m */ = {isa = PBXFileReference; fileEncoding = 4; lastKnownFileType = sourcecode.c.objc; path = DNImageFlowViewController.m; sourceTree = "<group>"; };
		9571F2D31AA74B6B006ACEBD /* DNPhotoBrowser.h */ = {isa = PBXFileReference; fileEncoding = 4; lastKnownFileType = sourcecode.c.h; path = DNPhotoBrowser.h; sourceTree = "<group>"; };
		9571F2D41AA74B6B006ACEBD /* DNPhotoBrowser.m */ = {isa = PBXFileReference; fileEncoding = 4; lastKnownFileType = sourcecode.c.objc; path = DNPhotoBrowser.m; sourceTree = "<group>"; };
		9571F2DC1AA74B9A006ACEBD /* DNBrowserCell.h */ = {isa = PBXFileReference; fileEncoding = 4; lastKnownFileType = sourcecode.c.h; path = DNBrowserCell.h; sourceTree = "<group>"; };
		9571F2DD1AA74B9A006ACEBD /* DNBrowserCell.m */ = {isa = PBXFileReference; fileEncoding = 4; lastKnownFileType = sourcecode.c.objc; path = DNBrowserCell.m; sourceTree = "<group>"; };
		9571F2DE1AA74B9A006ACEBD /* DNAssetsViewCell.h */ = {isa = PBXFileReference; fileEncoding = 4; lastKnownFileType = sourcecode.c.h; path = DNAssetsViewCell.h; sourceTree = "<group>"; };
		9571F2DF1AA74B9A006ACEBD /* DNAssetsViewCell.m */ = {isa = PBXFileReference; fileEncoding = 4; lastKnownFileType = sourcecode.c.objc; path = DNAssetsViewCell.m; sourceTree = "<group>"; };
		9571F2E11AA74B9A006ACEBD /* DNSendButton.h */ = {isa = PBXFileReference; fileEncoding = 4; lastKnownFileType = sourcecode.c.h; path = DNSendButton.h; sourceTree = "<group>"; };
		9571F2E21AA74B9A006ACEBD /* DNSendButton.m */ = {isa = PBXFileReference; fileEncoding = 4; lastKnownFileType = sourcecode.c.objc; path = DNSendButton.m; sourceTree = "<group>"; };
		9571F2E31AA74B9A006ACEBD /* DNFullImageButton.h */ = {isa = PBXFileReference; fileEncoding = 4; lastKnownFileType = sourcecode.c.h; path = DNFullImageButton.h; sourceTree = "<group>"; };
		9571F2E41AA74B9A006ACEBD /* DNFullImageButton.m */ = {isa = PBXFileReference; fileEncoding = 4; lastKnownFileType = sourcecode.c.objc; path = DNFullImageButton.m; sourceTree = "<group>"; };
		9571F2E51AA74B9A006ACEBD /* DNBadgeLabel.h */ = {isa = PBXFileReference; fileEncoding = 4; lastKnownFileType = sourcecode.c.h; path = DNBadgeLabel.h; sourceTree = "<group>"; };
		9571F2E61AA74B9A006ACEBD /* DNBadgeLabel.m */ = {isa = PBXFileReference; fileEncoding = 4; lastKnownFileType = sourcecode.c.objc; path = DNBadgeLabel.m; sourceTree = "<group>"; };
		9571F2EF1AA74BF8006ACEBD /* imageResources.xcassets */ = {isa = PBXFileReference; lastKnownFileType = folder.assetcatalog; path = imageResources.xcassets; sourceTree = "<group>"; };
		9571F3051AA74E67006ACEBD /* en */ = {isa = PBXFileReference; lastKnownFileType = text.plist.strings; name = en; path = en.lproj/DNImagePicker.strings; sourceTree = "<group>"; };
		9571F3081AA74EED006ACEBD /* zh-Hans */ = {isa = PBXFileReference; lastKnownFileType = text.plist.strings; name = "zh-Hans"; path = "zh-Hans.lproj/DNImagePicker.strings"; sourceTree = "<group>"; };
		9571F30A1AA74F52006ACEBD /* zh-Hans */ = {isa = PBXFileReference; lastKnownFileType = file.xib; name = "zh-Hans"; path = "zh-Hans.lproj/LaunchScreen.xib"; sourceTree = "<group>"; };
		9571F30C1AA7510B006ACEBD /* UIViewController+DNImagePicker.h */ = {isa = PBXFileReference; fileEncoding = 4; lastKnownFileType = sourcecode.c.h; path = "UIViewController+DNImagePicker.h"; sourceTree = "<group>"; };
		9571F30D1AA7510B006ACEBD /* UIViewController+DNImagePicker.m */ = {isa = PBXFileReference; fileEncoding = 4; lastKnownFileType = sourcecode.c.objc; path = "UIViewController+DNImagePicker.m"; sourceTree = "<group>"; };
		9571F30E1AA7510B006ACEBD /* UIColor+Hex.h */ = {isa = PBXFileReference; fileEncoding = 4; lastKnownFileType = sourcecode.c.h; path = "UIColor+Hex.h"; sourceTree = "<group>"; };
		9571F30F1AA7510B006ACEBD /* UIColor+Hex.m */ = {isa = PBXFileReference; fileEncoding = 4; lastKnownFileType = sourcecode.c.objc; path = "UIColor+Hex.m"; sourceTree = "<group>"; };
		9571F3101AA7510B006ACEBD /* UIView+DNImagePicker.h */ = {isa = PBXFileReference; fileEncoding = 4; lastKnownFileType = sourcecode.c.h; path = "UIView+DNImagePicker.h"; sourceTree = "<group>"; };
		9571F3111AA7510B006ACEBD /* UIView+DNImagePicker.m */ = {isa = PBXFileReference; fileEncoding = 4; lastKnownFileType = sourcecode.c.objc; path = "UIView+DNImagePicker.m"; sourceTree = "<group>"; };
		9571F31B1AA751D7006ACEBD /* AssetsLibrary.framework */ = {isa = PBXFileReference; lastKnownFileType = wrapper.framework; name = AssetsLibrary.framework; path = System/Library/Frameworks/AssetsLibrary.framework; sourceTree = SDKROOT; };
		9571F31D1AA75260006ACEBD /* JKPromptView.h */ = {isa = PBXFileReference; fileEncoding = 4; lastKnownFileType = sourcecode.c.h; path = JKPromptView.h; sourceTree = "<group>"; };
		9571F31E1AA75260006ACEBD /* JKPromptView.m */ = {isa = PBXFileReference; fileEncoding = 4; lastKnownFileType = sourcecode.c.objc; path = JKPromptView.m; sourceTree = "<group>"; };
		959A69D51AA5F3A000ED8A3A /* ImagePicker.app */ = {isa = PBXFileReference; explicitFileType = wrapper.application; includeInIndex = 0; path = ImagePicker.app; sourceTree = BUILT_PRODUCTS_DIR; };
		959A69D91AA5F3A000ED8A3A /* Info.plist */ = {isa = PBXFileReference; lastKnownFileType = text.plist.xml; path = Info.plist; sourceTree = "<group>"; };
		959A69DA1AA5F3A000ED8A3A /* main.m */ = {isa = PBXFileReference; lastKnownFileType = sourcecode.c.objc; path = main.m; sourceTree = "<group>"; };
		959A69DC1AA5F3A000ED8A3A /* AppDelegate.h */ = {isa = PBXFileReference; lastKnownFileType = sourcecode.c.h; path = AppDelegate.h; sourceTree = "<group>"; };
		959A69DD1AA5F3A000ED8A3A /* AppDelegate.m */ = {isa = PBXFileReference; lastKnownFileType = sourcecode.c.objc; path = AppDelegate.m; sourceTree = "<group>"; };
		959A69DF1AA5F3A000ED8A3A /* ViewController.h */ = {isa = PBXFileReference; lastKnownFileType = sourcecode.c.h; path = ViewController.h; sourceTree = "<group>"; };
		959A69E01AA5F3A000ED8A3A /* ViewController.m */ = {isa = PBXFileReference; lastKnownFileType = sourcecode.c.objc; path = ViewController.m; sourceTree = "<group>"; };
		959A69E51AA5F3A000ED8A3A /* Images.xcassets */ = {isa = PBXFileReference; lastKnownFileType = folder.assetcatalog; path = Images.xcassets; sourceTree = "<group>"; };
		959A69E81AA5F3A000ED8A3A /* Base */ = {isa = PBXFileReference; lastKnownFileType = file.xib; name = Base; path = Base.lproj/LaunchScreen.xib; sourceTree = "<group>"; };
		959A69EE1AA5F3A000ED8A3A /* ImagePickerTests.xctest */ = {isa = PBXFileReference; explicitFileType = wrapper.cfbundle; includeInIndex = 0; path = ImagePickerTests.xctest; sourceTree = BUILT_PRODUCTS_DIR; };
		959A69F31AA5F3A000ED8A3A /* Info.plist */ = {isa = PBXFileReference; lastKnownFileType = text.plist.xml; path = Info.plist; sourceTree = "<group>"; };
		959A69F41AA5F3A000ED8A3A /* ImagePickerTests.m */ = {isa = PBXFileReference; lastKnownFileType = sourcecode.c.objc; path = ImagePickerTests.m; sourceTree = "<group>"; };
/* End PBXFileReference section */

/* Begin PBXFrameworksBuildPhase section */
		959A69D21AA5F3A000ED8A3A /* Frameworks */ = {
			isa = PBXFrameworksBuildPhase;
			buildActionMask = 2147483647;
			files = (
				9571F31C1AA751D7006ACEBD /* AssetsLibrary.framework in Frameworks */,
			);
			runOnlyForDeploymentPostprocessing = 0;
		};
		959A69EB1AA5F3A000ED8A3A /* Frameworks */ = {
			isa = PBXFrameworksBuildPhase;
			buildActionMask = 2147483647;
			files = (
			);
			runOnlyForDeploymentPostprocessing = 0;
		};
/* End PBXFrameworksBuildPhase section */

/* Begin PBXGroup section */
		9571F2CC1AA74B05006ACEBD /* DNImagePicker */ = {
			isa = PBXGroup;
			children = (
				9571F30B1AA750E2006ACEBD /* Extensions */,
				9571F2EE1AA74BA6006ACEBD /* Assets */,
				9571F2D91AA74B7D006ACEBD /* Views */,
				9571F2CD1AA74B6B006ACEBD /* DNImagePickerController.h */,
				9571F2CE1AA74B6B006ACEBD /* DNImagePickerController.m */,
				9571F2CF1AA74B6B006ACEBD /* DNAlbumTableViewController.h */,
				9571F2D01AA74B6B006ACEBD /* DNAlbumTableViewController.m */,
				9571F2D11AA74B6B006ACEBD /* DNImageFlowViewController.h */,
				9571F2D21AA74B6B006ACEBD /* DNImageFlowViewController.m */,
				9571F2D31AA74B6B006ACEBD /* DNPhotoBrowser.h */,
				9571F2D41AA74B6B006ACEBD /* DNPhotoBrowser.m */,
				954E584C1AA96ABE00E481C4 /* DNAsset.h */,
				954E584D1AA96ABE00E481C4 /* DNAsset.m */,
			);
			path = DNImagePicker;
			sourceTree = "<group>";
		};
		9571F2D91AA74B7D006ACEBD /* Views */ = {
			isa = PBXGroup;
			children = (
				9571F31D1AA75260006ACEBD /* JKPromptView.h */,
				9571F31E1AA75260006ACEBD /* JKPromptView.m */,
				9571F2DC1AA74B9A006ACEBD /* DNBrowserCell.h */,
				9571F2DD1AA74B9A006ACEBD /* DNBrowserCell.m */,
				954E05A31C3F800200CCD875 /* DNTapDetectingImageView.h */,
				954E05A41C3F800200CCD875 /* DNTapDetectingImageView.m */,
				9571F2DE1AA74B9A006ACEBD /* DNAssetsViewCell.h */,
				9571F2DF1AA74B9A006ACEBD /* DNAssetsViewCell.m */,
				9571F2E11AA74B9A006ACEBD /* DNSendButton.h */,
				9571F2E21AA74B9A006ACEBD /* DNSendButton.m */,
				9571F2E31AA74B9A006ACEBD /* DNFullImageButton.h */,
				9571F2E41AA74B9A006ACEBD /* DNFullImageButton.m */,
				9571F2E51AA74B9A006ACEBD /* DNBadgeLabel.h */,
				9571F2E61AA74B9A006ACEBD /* DNBadgeLabel.m */,
				9524A20D1AB97BAE00DC8FDA /* DNUnAuthorizedTipsView.h */,
				9524A20E1AB97BAE00DC8FDA /* DNUnAuthorizedTipsView.m */,
			);
			path = Views;
			sourceTree = "<group>";
		};
		9571F2EE1AA74BA6006ACEBD /* Assets */ = {
			isa = PBXGroup;
			children = (
				9571F2EF1AA74BF8006ACEBD /* imageResources.xcassets */,
				9571F3031AA74E2F006ACEBD /* DNImagePicker.strings */,
			);
			name = Assets;
			sourceTree = "<group>";
		};
		9571F30B1AA750E2006ACEBD /* Extensions */ = {
			isa = PBXGroup;
			children = (
				9571F30C1AA7510B006ACEBD /* UIViewController+DNImagePicker.h */,
				9571F30D1AA7510B006ACEBD /* UIViewController+DNImagePicker.m */,
				955F11751AA9D72300C9AC42 /* NSURL+DNIMagePickerUrlEqual.h */,
				955F11761AA9D72300C9AC42 /* NSURL+DNIMagePickerUrlEqual.m */,
				9571F30E1AA7510B006ACEBD /* UIColor+Hex.h */,
				9571F30F1AA7510B006ACEBD /* UIColor+Hex.m */,
				9571F3101AA7510B006ACEBD /* UIView+DNImagePicker.h */,
				9571F3111AA7510B006ACEBD /* UIView+DNImagePicker.m */,
			);
			path = Extensions;
			sourceTree = "<group>";
		};
		959A69CC1AA5F3A000ED8A3A = {
			isa = PBXGroup;
			children = (
				9571F31B1AA751D7006ACEBD /* AssetsLibrary.framework */,
				959A69D71AA5F3A000ED8A3A /* ImagePicker */,
				959A69F11AA5F3A000ED8A3A /* ImagePickerTests */,
				959A69D61AA5F3A000ED8A3A /* Products */,
			);
			sourceTree = "<group>";
		};
		959A69D61AA5F3A000ED8A3A /* Products */ = {
			isa = PBXGroup;
			children = (
				959A69D51AA5F3A000ED8A3A /* ImagePicker.app */,
				959A69EE1AA5F3A000ED8A3A /* ImagePickerTests.xctest */,
			);
			name = Products;
			sourceTree = "<group>";
		};
		959A69D71AA5F3A000ED8A3A /* ImagePicker */ = {
			isa = PBXGroup;
			children = (
				9571F2CC1AA74B05006ACEBD /* DNImagePicker */,
				959A69DC1AA5F3A000ED8A3A /* AppDelegate.h */,
				959A69DD1AA5F3A000ED8A3A /* AppDelegate.m */,
				959A69DF1AA5F3A000ED8A3A /* ViewController.h */,
				959A69E01AA5F3A000ED8A3A /* ViewController.m */,
				955F117C1AA9DAF600C9AC42 /* InfoViewController.h */,
				955F117D1AA9DAF600C9AC42 /* InfoViewController.m */,
				955F117F1AA9FB6A00C9AC42 /* CollectionViewController.h */,
				955F11801AA9FB6A00C9AC42 /* CollectionViewController.m */,
				955F11821AA9FB8C00C9AC42 /* CollectionViewCell.h */,
				955F11831AA9FB8C00C9AC42 /* CollectionViewCell.m */,
				959A69E51AA5F3A000ED8A3A /* Images.xcassets */,
				956DB7EA1AAB65FC00F9F271 /* Main.storyboard */,
				959A69E71AA5F3A000ED8A3A /* LaunchScreen.xib */,
				959A69D81AA5F3A000ED8A3A /* Supporting Files */,
			);
			path = ImagePicker;
			sourceTree = "<group>";
		};
		959A69D81AA5F3A000ED8A3A /* Supporting Files */ = {
			isa = PBXGroup;
			children = (
				959A69D91AA5F3A000ED8A3A /* Info.plist */,
				959A69DA1AA5F3A000ED8A3A /* main.m */,
				955F11891AAA041900C9AC42 /* Localizable.strings */,
			);
			name = "Supporting Files";
			sourceTree = "<group>";
		};
		959A69F11AA5F3A000ED8A3A /* ImagePickerTests */ = {
			isa = PBXGroup;
			children = (
				959A69F41AA5F3A000ED8A3A /* ImagePickerTests.m */,
				959A69F21AA5F3A000ED8A3A /* Supporting Files */,
			);
			path = ImagePickerTests;
			sourceTree = "<group>";
		};
		959A69F21AA5F3A000ED8A3A /* Supporting Files */ = {
			isa = PBXGroup;
			children = (
				959A69F31AA5F3A000ED8A3A /* Info.plist */,
			);
			name = "Supporting Files";
			sourceTree = "<group>";
		};
/* End PBXGroup section */

/* Begin PBXNativeTarget section */
		959A69D41AA5F3A000ED8A3A /* ImagePicker */ = {
			isa = PBXNativeTarget;
			buildConfigurationList = 959A69F81AA5F3A000ED8A3A /* Build configuration list for PBXNativeTarget "ImagePicker" */;
			buildPhases = (
				959A69D11AA5F3A000ED8A3A /* Sources */,
				959A69D21AA5F3A000ED8A3A /* Frameworks */,
				959A69D31AA5F3A000ED8A3A /* Resources */,
			);
			buildRules = (
			);
			dependencies = (
			);
			name = ImagePicker;
			productName = ImagePicker;
			productReference = 959A69D51AA5F3A000ED8A3A /* ImagePicker.app */;
			productType = "com.apple.product-type.application";
		};
		959A69ED1AA5F3A000ED8A3A /* ImagePickerTests */ = {
			isa = PBXNativeTarget;
			buildConfigurationList = 959A69FB1AA5F3A000ED8A3A /* Build configuration list for PBXNativeTarget "ImagePickerTests" */;
			buildPhases = (
				959A69EA1AA5F3A000ED8A3A /* Sources */,
				959A69EB1AA5F3A000ED8A3A /* Frameworks */,
				959A69EC1AA5F3A000ED8A3A /* Resources */,
			);
			buildRules = (
			);
			dependencies = (
				959A69F01AA5F3A000ED8A3A /* PBXTargetDependency */,
			);
			name = ImagePickerTests;
			productName = ImagePickerTests;
			productReference = 959A69EE1AA5F3A000ED8A3A /* ImagePickerTests.xctest */;
			productType = "com.apple.product-type.bundle.unit-test";
		};
/* End PBXNativeTarget section */

/* Begin PBXProject section */
		959A69CD1AA5F3A000ED8A3A /* Project object */ = {
			isa = PBXProject;
			attributes = {
				LastUpgradeCheck = 0830;
				ORGANIZATIONNAME = Dennis;
				TargetAttributes = {
					959A69D41AA5F3A000ED8A3A = {
						CreatedOnToolsVersion = 6.1.1;
						DevelopmentTeam = 7RQERF84NY;
					};
					959A69ED1AA5F3A000ED8A3A = {
						CreatedOnToolsVersion = 6.1.1;
						TestTargetID = 959A69D41AA5F3A000ED8A3A;
					};
				};
			};
			buildConfigurationList = 959A69D01AA5F3A000ED8A3A /* Build configuration list for PBXProject "ImagePicker" */;
			compatibilityVersion = "Xcode 3.2";
			developmentRegion = English;
			hasScannedForEncodings = 0;
			knownRegions = (
				en,
				Base,
				"zh-Hans",
			);
			mainGroup = 959A69CC1AA5F3A000ED8A3A;
			productRefGroup = 959A69D61AA5F3A000ED8A3A /* Products */;
			projectDirPath = "";
			projectRoot = "";
			targets = (
				959A69D41AA5F3A000ED8A3A /* ImagePicker */,
				959A69ED1AA5F3A000ED8A3A /* ImagePickerTests */,
			);
		};
/* End PBXProject section */

/* Begin PBXResourcesBuildPhase section */
		959A69D31AA5F3A000ED8A3A /* Resources */ = {
			isa = PBXResourcesBuildPhase;
			buildActionMask = 2147483647;
			files = (
				956DB7EC1AAB65FC00F9F271 /* Main.storyboard in Resources */,
				959A69E91AA5F3A000ED8A3A /* LaunchScreen.xib in Resources */,
				9571F2F01AA74BF8006ACEBD /* imageResources.xcassets in Resources */,
				955F11871AAA041900C9AC42 /* Localizable.strings in Resources */,
				9571F3011AA74E2F006ACEBD /* DNImagePicker.strings in Resources */,
				959A69E61AA5F3A000ED8A3A /* Images.xcassets in Resources */,
			);
			runOnlyForDeploymentPostprocessing = 0;
		};
		959A69EC1AA5F3A000ED8A3A /* Resources */ = {
			isa = PBXResourcesBuildPhase;
			buildActionMask = 2147483647;
			files = (
			);
			runOnlyForDeploymentPostprocessing = 0;
		};
/* End PBXResourcesBuildPhase section */

/* Begin PBXSourcesBuildPhase section */
		959A69D11AA5F3A000ED8A3A /* Sources */ = {
			isa = PBXSourcesBuildPhase;
			buildActionMask = 2147483647;
			files = (
				9571F31F1AA75260006ACEBD /* JKPromptView.m in Sources */,
				9571F2D71AA74B6B006ACEBD /* DNImageFlowViewController.m in Sources */,
				9571F3131AA7510B006ACEBD /* UIColor+Hex.m in Sources */,
				9571F2D81AA74B6B006ACEBD /* DNPhotoBrowser.m in Sources */,
				9571F2ED1AA74B9A006ACEBD /* DNBadgeLabel.m in Sources */,
				9524A20F1AB97BAE00DC8FDA /* DNUnAuthorizedTipsView.m in Sources */,
				959A69E11AA5F3A000ED8A3A /* ViewController.m in Sources */,
				9571F2D61AA74B6B006ACEBD /* DNAlbumTableViewController.m in Sources */,
				954E05A51C3F800200CCD875 /* DNTapDetectingImageView.m in Sources */,
				955F11811AA9FB6A00C9AC42 /* CollectionViewController.m in Sources */,
				9571F3121AA7510B006ACEBD /* UIViewController+DNImagePicker.m in Sources */,
				9571F3141AA7510B006ACEBD /* UIView+DNImagePicker.m in Sources */,
				959A69DE1AA5F3A000ED8A3A /* AppDelegate.m in Sources */,
				9571F2EC1AA74B9A006ACEBD /* DNFullImageButton.m in Sources */,
				954E584E1AA96ABE00E481C4 /* DNAsset.m in Sources */,
				9571F2EB1AA74B9A006ACEBD /* DNSendButton.m in Sources */,
				959A69DB1AA5F3A000ED8A3A /* main.m in Sources */,
				9571F2D51AA74B6B006ACEBD /* DNImagePickerController.m in Sources */,
				955F11771AA9D72300C9AC42 /* NSURL+DNIMagePickerUrlEqual.m in Sources */,
				9571F2E81AA74B9A006ACEBD /* DNBrowserCell.m in Sources */,
				955F117E1AA9DAF600C9AC42 /* InfoViewController.m in Sources */,
				955F11841AA9FB8C00C9AC42 /* CollectionViewCell.m in Sources */,
				9571F2E91AA74B9A006ACEBD /* DNAssetsViewCell.m in Sources */,
			);
			runOnlyForDeploymentPostprocessing = 0;
		};
		959A69EA1AA5F3A000ED8A3A /* Sources */ = {
			isa = PBXSourcesBuildPhase;
			buildActionMask = 2147483647;
			files = (
				959A69F51AA5F3A000ED8A3A /* ImagePickerTests.m in Sources */,
			);
			runOnlyForDeploymentPostprocessing = 0;
		};
/* End PBXSourcesBuildPhase section */

/* Begin PBXTargetDependency section */
		959A69F01AA5F3A000ED8A3A /* PBXTargetDependency */ = {
			isa = PBXTargetDependency;
			target = 959A69D41AA5F3A000ED8A3A /* ImagePicker */;
			targetProxy = 959A69EF1AA5F3A000ED8A3A /* PBXContainerItemProxy */;
		};
/* End PBXTargetDependency section */

/* Begin PBXVariantGroup section */
		955F11891AAA041900C9AC42 /* Localizable.strings */ = {
			isa = PBXVariantGroup;
			children = (
				955F11881AAA041900C9AC42 /* zh-Hans */,
				955F118A1AAA041D00C9AC42 /* en */,
			);
			name = Localizable.strings;
			sourceTree = "<group>";
		};
		956DB7EA1AAB65FC00F9F271 /* Main.storyboard */ = {
			isa = PBXVariantGroup;
			children = (
				956DB7EB1AAB65FC00F9F271 /* zh-Hans */,
				955B2C571AAC414B0043B4DE /* en */,
				955B2C581AAC414E0043B4DE /* Base */,
			);
			name = Main.storyboard;
			path = ..;
			sourceTree = "<group>";
		};
		9571F3031AA74E2F006ACEBD /* DNImagePicker.strings */ = {
			isa = PBXVariantGroup;
			children = (
				9571F3051AA74E67006ACEBD /* en */,
				9571F3081AA74EED006ACEBD /* zh-Hans */,
			);
			name = DNImagePicker.strings;
			sourceTree = "<group>";
		};
		959A69E71AA5F3A000ED8A3A /* LaunchScreen.xib */ = {
			isa = PBXVariantGroup;
			children = (
				959A69E81AA5F3A000ED8A3A /* Base */,
				9571F30A1AA74F52006ACEBD /* zh-Hans */,
			);
			name = LaunchScreen.xib;
			sourceTree = "<group>";
		};
/* End PBXVariantGroup section */

/* Begin XCBuildConfiguration section */
		959A69F61AA5F3A000ED8A3A /* Debug */ = {
			isa = XCBuildConfiguration;
			buildSettings = {
				ALWAYS_SEARCH_USER_PATHS = NO;
				CLANG_ANALYZER_LOCALIZABILITY_NONLOCALIZED = YES;
				CLANG_CXX_LANGUAGE_STANDARD = "gnu++0x";
				CLANG_CXX_LIBRARY = "libc++";
				CLANG_ENABLE_MODULES = YES;
				CLANG_ENABLE_OBJC_ARC = YES;
				CLANG_WARN_BOOL_CONVERSION = YES;
				CLANG_WARN_CONSTANT_CONVERSION = YES;
				CLANG_WARN_DIRECT_OBJC_ISA_USAGE = YES_ERROR;
				CLANG_WARN_EMPTY_BODY = YES;
				CLANG_WARN_ENUM_CONVERSION = YES;
				CLANG_WARN_INFINITE_RECURSION = YES;
				CLANG_WARN_INT_CONVERSION = YES;
				CLANG_WARN_OBJC_ROOT_CLASS = YES_ERROR;
				CLANG_WARN_SUSPICIOUS_MOVE = YES;
				CLANG_WARN_UNREACHABLE_CODE = YES;
				CLANG_WARN__DUPLICATE_METHOD_MATCH = YES;
				"CODE_SIGN_IDENTITY[sdk=iphoneos*]" = "iPhone Developer";
				COPY_PHASE_STRIP = NO;
				ENABLE_STRICT_OBJC_MSGSEND = YES;
				ENABLE_TESTABILITY = YES;
				GCC_C_LANGUAGE_STANDARD = gnu99;
				GCC_DYNAMIC_NO_PIC = NO;
				GCC_NO_COMMON_BLOCKS = YES;
				GCC_OPTIMIZATION_LEVEL = 0;
				GCC_PREPROCESSOR_DEFINITIONS = (
					"DEBUG=1",
					"$(inherited)",
				);
				GCC_SYMBOLS_PRIVATE_EXTERN = NO;
				GCC_WARN_64_TO_32_BIT_CONVERSION = YES;
				GCC_WARN_ABOUT_RETURN_TYPE = YES_ERROR;
				GCC_WARN_UNDECLARED_SELECTOR = YES;
				GCC_WARN_UNINITIALIZED_AUTOS = YES_AGGRESSIVE;
				GCC_WARN_UNUSED_FUNCTION = YES;
				GCC_WARN_UNUSED_VARIABLE = YES;
				IPHONEOS_DEPLOYMENT_TARGET = 8.0;
				MTL_ENABLE_DEBUG_INFO = YES;
				ONLY_ACTIVE_ARCH = YES;
				SDKROOT = iphoneos;
			};
			name = Debug;
		};
		959A69F71AA5F3A000ED8A3A /* Release */ = {
			isa = XCBuildConfiguration;
			buildSettings = {
				ALWAYS_SEARCH_USER_PATHS = NO;
				CLANG_ANALYZER_LOCALIZABILITY_NONLOCALIZED = YES;
				CLANG_CXX_LANGUAGE_STANDARD = "gnu++0x";
				CLANG_CXX_LIBRARY = "libc++";
				CLANG_ENABLE_MODULES = YES;
				CLANG_ENABLE_OBJC_ARC = YES;
				CLANG_WARN_BOOL_CONVERSION = YES;
				CLANG_WARN_CONSTANT_CONVERSION = YES;
				CLANG_WARN_DIRECT_OBJC_ISA_USAGE = YES_ERROR;
				CLANG_WARN_EMPTY_BODY = YES;
				CLANG_WARN_ENUM_CONVERSION = YES;
				CLANG_WARN_INFINITE_RECURSION = YES;
				CLANG_WARN_INT_CONVERSION = YES;
				CLANG_WARN_OBJC_ROOT_CLASS = YES_ERROR;
				CLANG_WARN_SUSPICIOUS_MOVE = YES;
				CLANG_WARN_UNREACHABLE_CODE = YES;
				CLANG_WARN__DUPLICATE_METHOD_MATCH = YES;
				"CODE_SIGN_IDENTITY[sdk=iphoneos*]" = "iPhone Developer";
				COPY_PHASE_STRIP = YES;
				ENABLE_NS_ASSERTIONS = NO;
				ENABLE_STRICT_OBJC_MSGSEND = YES;
				GCC_C_LANGUAGE_STANDARD = gnu99;
				GCC_NO_COMMON_BLOCKS = YES;
				GCC_WARN_64_TO_32_BIT_CONVERSION = YES;
				GCC_WARN_ABOUT_RETURN_TYPE = YES_ERROR;
				GCC_WARN_UNDECLARED_SELECTOR = YES;
				GCC_WARN_UNINITIALIZED_AUTOS = YES_AGGRESSIVE;
				GCC_WARN_UNUSED_FUNCTION = YES;
				GCC_WARN_UNUSED_VARIABLE = YES;
				IPHONEOS_DEPLOYMENT_TARGET = 8.0;
				MTL_ENABLE_DEBUG_INFO = NO;
				SDKROOT = iphoneos;
				VALIDATE_PRODUCT = YES;
			};
			name = Release;
		};
		959A69F91AA5F3A000ED8A3A /* Debug */ = {
			isa = XCBuildConfiguration;
			buildSettings = {
				ASSETCATALOG_COMPILER_APPICON_NAME = AppIcon;
				ASSETCATALOG_COMPILER_LAUNCHIMAGE_NAME = LaunchImage;
				CODE_SIGN_IDENTITY = "iPhone Developer";
				"CODE_SIGN_IDENTITY[sdk=iphoneos*]" = "iPhone Developer";
				DEVELOPMENT_TEAM = 7RQERF84NY;
				INFOPLIST_FILE = ImagePicker/Info.plist;
				LD_RUNPATH_SEARCH_PATHS = "$(inherited) @executable_path/Frameworks";
				PRODUCT_BUNDLE_IDENTIFIER = com.awesomedennis.dnImagePicker;
				PRODUCT_NAME = "$(TARGET_NAME)";
				PROVISIONING_PROFILE = "";
			};
			name = Debug;
		};
		959A69FA1AA5F3A000ED8A3A /* Release */ = {
			isa = XCBuildConfiguration;
			buildSettings = {
				ASSETCATALOG_COMPILER_APPICON_NAME = AppIcon;
				ASSETCATALOG_COMPILER_LAUNCHIMAGE_NAME = LaunchImage;
				CODE_SIGN_IDENTITY = "iPhone Developer";
				"CODE_SIGN_IDENTITY[sdk=iphoneos*]" = "iPhone Developer";
				DEVELOPMENT_TEAM = 7RQERF84NY;
				INFOPLIST_FILE = ImagePicker/Info.plist;
				LD_RUNPATH_SEARCH_PATHS = "$(inherited) @executable_path/Frameworks";
				PRODUCT_BUNDLE_IDENTIFIER = com.awesomedennis.dnImagePicker;
				PRODUCT_NAME = "$(TARGET_NAME)";
				PROVISIONING_PROFILE = "";
			};
			name = Release;
		};
		959A69FC1AA5F3A000ED8A3A /* Debug */ = {
			isa = XCBuildConfiguration;
			buildSettings = {
				BUNDLE_LOADER = "$(TEST_HOST)";
				FRAMEWORK_SEARCH_PATHS = (
					"$(SDKROOT)/Developer/Library/Frameworks",
					"$(inherited)",
				);
				GCC_PREPROCESSOR_DEFINITIONS = (
					"DEBUG=1",
					"$(inherited)",
				);
				INFOPLIST_FILE = ImagePickerTests/Info.plist;
				LD_RUNPATH_SEARCH_PATHS = "$(inherited) @executable_path/Frameworks @loader_path/Frameworks";
				PRODUCT_BUNDLE_IDENTIFIER = "com.Dennis.$(PRODUCT_NAME:rfc1034identifier)";
				PRODUCT_NAME = "$(TARGET_NAME)";
				TEST_HOST = "$(BUILT_PRODUCTS_DIR)/ImagePicker.app/ImagePicker";
			};
			name = Debug;
		};
		959A69FD1AA5F3A000ED8A3A /* Release */ = {
			isa = XCBuildConfiguration;
			buildSettings = {
				BUNDLE_LOADER = "$(TEST_HOST)";
				FRAMEWORK_SEARCH_PATHS = (
					"$(SDKROOT)/Developer/Library/Frameworks",
					"$(inherited)",
				);
				INFOPLIST_FILE = ImagePickerTests/Info.plist;
				LD_RUNPATH_SEARCH_PATHS = "$(inherited) @executable_path/Frameworks @loader_path/Frameworks";
				PRODUCT_BUNDLE_IDENTIFIER = "com.Dennis.$(PRODUCT_NAME:rfc1034identifier)";
				PRODUCT_NAME = "$(TARGET_NAME)";
				TEST_HOST = "$(BUILT_PRODUCTS_DIR)/ImagePicker.app/ImagePicker";
			};
			name = Release;
		};
/* End XCBuildConfiguration section */

/* Begin XCConfigurationList section */
		959A69D01AA5F3A000ED8A3A /* Build configuration list for PBXProject "ImagePicker" */ = {
			isa = XCConfigurationList;
			buildConfigurations = (
				959A69F61AA5F3A000ED8A3A /* Debug */,
				959A69F71AA5F3A000ED8A3A /* Release */,
			);
			defaultConfigurationIsVisible = 0;
			defaultConfigurationName = Release;
		};
		959A69F81AA5F3A000ED8A3A /* Build configuration list for PBXNativeTarget "ImagePicker" */ = {
			isa = XCConfigurationList;
			buildConfigurations = (
				959A69F91AA5F3A000ED8A3A /* Debug */,
				959A69FA1AA5F3A000ED8A3A /* Release */,
			);
			defaultConfigurationIsVisible = 0;
			defaultConfigurationName = Release;
		};
		959A69FB1AA5F3A000ED8A3A /* Build configuration list for PBXNativeTarget "ImagePickerTests" */ = {
			isa = XCConfigurationList;
			buildConfigurations = (
				959A69FC1AA5F3A000ED8A3A /* Debug */,
				959A69FD1AA5F3A000ED8A3A /* Release */,
			);
			defaultConfigurationIsVisible = 0;
			defaultConfigurationName = Release;
		};
/* End XCConfigurationList section */
	};
	rootObject = 959A69CD1AA5F3A000ED8A3A /* Project object */;
}
